{
  "nodes": {
    "ate": {
      "flake": false,
      "locked": {
        "lastModified": 1669077270,
        "narHash": "sha256-t5sFOzSClPpd3Ln5PkNUqiSoMhkeeibIO+i+WJcxHSc=",
        "owner": "andir",
        "repo": "ate",
        "rev": "8377b0fcbeff761a8978d62a59884def78f3d6d3",
        "type": "github"
      },
      "original": {
        "owner": "andir",
        "repo": "ate",
        "type": "github"
      }
    },
    "blobs": {
      "flake": false,
      "locked": {
        "lastModified": 1604995301,
        "narHash": "sha256-wcLzgLec6SGJA8fx1OEN1yV/Py5b+U5iyYpksUY/yLw=",
        "owner": "simple-nixos-mailserver",
        "repo": "blobs",
        "rev": "2cccdf1ca48316f2cfd1c9a0017e8de5a7156265",
        "type": "gitlab"
      },
      "original": {
        "owner": "simple-nixos-mailserver",
        "repo": "blobs",
        "type": "gitlab"
      }
    },
    "blog": {
      "flake": false,
      "locked": {
        "lastModified": 1623080933,
        "narHash": "sha256-d4AS/yuyVj8hWBz5eiKeCXBAobNsgBSMSEvLwrcsdz0=",
        "ref": "refs/heads/master",
        "rev": "a0845add47b775408f54467b332996bb71032369",
        "revCount": 4,
        "type": "git",
        "url": "https://git.home.open-desk.net/fooker/blog.git"
      },
      "original": {
        "type": "git",
        "url": "https://git.home.open-desk.net/fooker/blog.git"
      }
    },
    "colmena": {
      "inputs": {
        "flake-compat": "flake-compat",
        "flake-utils": "flake-utils",
        "nix-eval-jobs": "nix-eval-jobs",
        "nixpkgs": "nixpkgs",
        "stable": "stable"
      },
      "locked": {
        "lastModified": 1668384235,
        "narHash": "sha256-bt2drRd1v+efic9MLnO3KI2x96g+J4TxhKiQQKqvyik=",
        "owner": "zhaofengli",
        "repo": "colmena",
        "rev": "fff97f729086b4fc463e30d33d3350bcfa2838bb",
        "type": "github"
      },
      "original": {
        "owner": "zhaofengli",
        "repo": "colmena",
        "type": "github"
      }
    },
    "flake-compat": {
      "flake": false,
      "locked": {
        "lastModified": 1650374568,
        "narHash": "sha256-Z+s0J8/r907g149rllvwhb4pKi8Wam5ij0st8PwAh+E=",
        "owner": "edolstra",
        "repo": "flake-compat",
        "rev": "b4a34015c698c7793d592d66adbab377907a2be8",
        "type": "github"
      },
      "original": {
        "owner": "edolstra",
        "repo": "flake-compat",
        "type": "github"
      }
    },
    "flake-compat_2": {
      "flake": false,
      "locked": {
        "lastModified": 1668681692,
        "narHash": "sha256-Ht91NGdewz8IQLtWZ9LCeNXMSXHUss+9COoqu6JLmXU=",
        "owner": "edolstra",
        "repo": "flake-compat",
        "rev": "009399224d5e398d03b22badca40a37ac85412a1",
        "type": "github"
      },
      "original": {
        "owner": "edolstra",
        "repo": "flake-compat",
        "type": "github"
      }
    },
    "flake-utils": {
      "locked": {
        "lastModified": 1659877975,
        "narHash": "sha256-zllb8aq3YO3h8B/U0/J1WBgAL8EX5yWf5pMj3G0NAmc=",
        "owner": "numtide",
        "repo": "flake-utils",
        "rev": "c0e246b9b83f637f4681389ecabcb2681b4f3af0",
        "type": "github"
      },
      "original": {
        "owner": "numtide",
        "repo": "flake-utils",
        "type": "github"
      }
    },
    "flake-utils_2": {
      "locked": {
        "lastModified": 1667395993,
        "narHash": "sha256-nuEHfE/LcWyuSWnS8t12N1wc105Qtau+/OdUAjtQ0rA=",
        "owner": "numtide",
        "repo": "flake-utils",
        "rev": "5aed5285a952e0b949eb3ba02c12fa4fcfef535f",
        "type": "github"
      },
      "original": {
        "owner": "numtide",
        "repo": "flake-utils",
        "type": "github"
      }
    },
    "flake-utils_3": {
      "locked": {
        "lastModified": 1667395993,
        "narHash": "sha256-nuEHfE/LcWyuSWnS8t12N1wc105Qtau+/OdUAjtQ0rA=",
        "owner": "numtide",
        "repo": "flake-utils",
        "rev": "5aed5285a952e0b949eb3ba02c12fa4fcfef535f",
        "type": "github"
      },
      "original": {
        "owner": "numtide",
        "repo": "flake-utils",
        "type": "github"
      }
    },
    "gitignore": {
      "inputs": {
        "nixpkgs": [
          "pre-commit-hooks",
          "nixpkgs"
        ]
      },
      "locked": {
        "lastModified": 1660459072,
        "narHash": "sha256-8DFJjXG8zqoONA1vXtgeKXy68KdJL5UaXR8NtVMUbx8=",
        "owner": "hercules-ci",
        "repo": "gitignore.nix",
        "rev": "a20de23b925fd8264fd7fad6454652e142fd7f73",
        "type": "github"
      },
      "original": {
        "owner": "hercules-ci",
        "repo": "gitignore.nix",
        "type": "github"
      }
    },
    "home-manager": {
      "inputs": {
        "nixpkgs": "nixpkgs_2"
      },
      "locked": {
        "lastModified": 1667907331,
        "narHash": "sha256-bHkAwkYlBjkupPUFcQjimNS8gxWSWjOTevEuwdnp5m0=",
        "owner": "nix-community",
        "repo": "home-manager",
        "rev": "6639e3a837fc5deb6f99554072789724997bc8e5",
        "type": "github"
      },
      "original": {
        "owner": "nix-community",
        "ref": "release-22.05",
        "repo": "home-manager",
        "type": "github"
      }
    },
    "ipam": {
      "inputs": {
        "nixpkgs": "nixpkgs_3"
      },
      "locked": {
        "lastModified": 1666708017,
        "narHash": "sha256-5Mrs6aulc0to/h4VTCqN9zIApFhyv+Bd2tHQxlIyLmc=",
        "path": "/home/fooker/devl/ipam.nix/",
        "type": "path"
      },
      "original": {
        "path": "/home/fooker/devl/ipam.nix/",
        "type": "path"
      }
    },
    "ipinfo": {
      "flake": false,
      "locked": {
        "lastModified": 1583711998,
        "narHash": "sha256-zc73rXowb58FGnJk6KnvJkQXNzgvnmNNd2euZURq4QA=",
        "owner": "fooker",
        "repo": "ipinfo",
        "rev": "706ecbb0cc15d9944f3f65e6318f33aa25e1d188",
        "type": "github"
      },
      "original": {
        "owner": "fooker",
        "repo": "ipinfo",
        "type": "github"
      }
    },
    "mmv": {
      "flake": false,
      "locked": {
        "lastModified": 1588708608,
        "narHash": "sha256-4h5wDMZ3mJ5iT7WQ7ZLoGzRKHK3eVJOA0muJ5M6ZQYM=",
        "owner": "fooker",
        "repo": "mmv",
        "rev": "dac48b2bd00fcd982278c22a90b1374025eaa75d",
        "type": "github"
      },
      "original": {
        "owner": "fooker",
        "repo": "mmv",
        "type": "github"
      }
    },
    "netns-proxy": {
      "flake": false,
      "locked": {
        "lastModified": 1621600391,
        "narHash": "sha256-JG6w6/dHaOUk2W6czmqKDqphIqmlBqgYYwzQTIC6jlA=",
        "owner": "fooker",
        "repo": "netns-proxy",
        "rev": "e02757aa2ba1655f2fb346235b4d7e300d3d8837",
        "type": "github"
      },
      "original": {
        "owner": "fooker",
        "repo": "netns-proxy",
        "type": "github"
      }
    },
    "nix-eval-jobs": {
      "inputs": {
        "flake-utils": [
          "colmena",
          "flake-utils"
        ],
        "nixpkgs": [
          "colmena",
          "nixpkgs"
        ]
      },
      "locked": {
        "lastModified": 1660713017,
        "narHash": "sha256-w6KLNkT/2fI7UvPg3NoKj7gve4CgUHpyWOFq0BUwW7o=",
        "owner": "zhaofengli",
        "repo": "nix-eval-jobs",
        "rev": "b4c078a4870c5b1a5b74420ca1dca41f4d75b7cc",
        "type": "github"
      },
      "original": {
        "owner": "zhaofengli",
        "ref": "colmena",
        "repo": "nix-eval-jobs",
        "type": "github"
      }
    },
    "nixos-mailserver": {
      "inputs": {
        "blobs": "blobs",
        "nixpkgs": "nixpkgs_4",
        "nixpkgs-22_05": "nixpkgs-22_05",
        "utils": "utils"
      },
      "locked": {
        "lastModified": 1655930346,
        "narHash": "sha256-ht56HHOzEhjeIgAv5ZNFjSVX/in1YlUs0HG9c1EUXTM=",
        "ref": "nixos-22.05",
        "rev": "f535d8123c4761b2ed8138f3d202ea710a334a1d",
        "revCount": 532,
        "type": "git",
        "url": "https://gitlab.com/simple-nixos-mailserver/nixos-mailserver.git"
      },
      "original": {
        "ref": "nixos-22.05",
        "type": "git",
        "url": "https://gitlab.com/simple-nixos-mailserver/nixos-mailserver.git"
      }
    },
    "nixpkgs": {
      "locked": {
        "lastModified": 1660485612,
        "narHash": "sha256-sSLW1KaB1adKTJn9+Ja3h3AaS7QCZyhUKiSUStcLg80=",
        "owner": "NixOS",
        "repo": "nixpkgs",
        "rev": "6512b21eabb4d52e87ea2edcf31a288e67b2e4f8",
        "type": "github"
      },
      "original": {
        "owner": "NixOS",
        "ref": "nixos-unstable",
        "repo": "nixpkgs",
        "type": "github"
      }
    },
    "nixpkgs-22_05": {
      "locked": {
        "lastModified": 1654936503,
        "narHash": "sha256-soKzdhI4jTHv/rSbh89RdlcJmrPgH8oMb/PLqiqIYVQ=",
        "owner": "NixOS",
        "repo": "nixpkgs",
        "rev": "dab6df51387c3878cdea09f43589a15729cae9f4",
        "type": "github"
      },
      "original": {
        "id": "nixpkgs",
        "ref": "nixos-22.05",
        "type": "indirect"
      }
    },
    "nixpkgs-notebook": {
      "locked": {
        "lastModified": 1669249876,
        "narHash": "sha256-IWuH9FJgwmKyXpea+g1zpn6NImBMSjA1j5HioHQjReY=",
        "owner": "NixOS",
        "repo": "nixpkgs",
        "rev": "68ba2f40991e79a2e4e5c5b242e175a1ad270ab9",
        "type": "github"
      },
      "original": {
        "owner": "NixOS",
        "ref": "nixos-22.05",
        "repo": "nixpkgs",
        "type": "github"
      }
    },
    "nixpkgs-router": {
      "locked": {
        "lastModified": 1669261230,
        "narHash": "sha256-AjddxRPd5y5jge77281P3O8+Cnafj842Xg59rwV4x+0=",
        "owner": "NixOS",
        "repo": "nixpkgs",
        "rev": "8e8b5f3b1e899bf5d250279578c0283705b8cdb4",
        "type": "github"
      },
      "original": {
        "owner": "NixOS",
        "ref": "nixpkgs-unstable",
        "repo": "nixpkgs",
        "type": "github"
      }
    },
    "nixpkgs-stable": {
      "locked": {
        "lastModified": 1668984258,
        "narHash": "sha256-0gDMJ2T3qf58xgcSbYoXiRGUkPWmKyr5C3vcathWhKs=",
        "owner": "NixOS",
        "repo": "nixpkgs",
        "rev": "cf63ade6f74bbc9d2a017290f1b2e33e8fbfa70a",
        "type": "github"
      },
      "original": {
        "owner": "NixOS",
        "ref": "nixos-22.05",
        "repo": "nixpkgs",
        "type": "github"
      }
    },
    "nixpkgs-unstable": {
      "locked": {
        "lastModified": 1669261230,
        "narHash": "sha256-AjddxRPd5y5jge77281P3O8+Cnafj842Xg59rwV4x+0=",
        "owner": "NixOS",
        "repo": "nixpkgs",
        "rev": "8e8b5f3b1e899bf5d250279578c0283705b8cdb4",
        "type": "github"
      },
      "original": {
        "owner": "NixOS",
        "ref": "nixpkgs-unstable",
        "repo": "nixpkgs",
        "type": "github"
      }
    },
    "nixpkgs_2": {
      "locked": {
        "lastModified": 0,
        "narHash": "sha256-0gDMJ2T3qf58xgcSbYoXiRGUkPWmKyr5C3vcathWhKs=",
        "path": "/nix/store/22aq7ifkxk95achgwbb8ygjklgcwygvn-source",
        "type": "path"
      },
      "original": {
        "id": "nixpkgs",
        "type": "indirect"
      }
    },
    "nixpkgs_3": {
      "locked": {
        "lastModified": 1,
        "narHash": "sha256-YrhVxwoofZSx/wLZ4GYET//8vS+uqWX572zvdmP/Etg=",
        "path": "/nix/store/k7nw5nac3s4w3xiqibjzzbv94yzfn176-nixpkgs-notebook-src",
        "type": "path"
      },
      "original": {
        "id": "nixpkgs",
        "type": "indirect"
      }
    },
    "nixpkgs_4": {
      "locked": {
        "lastModified": 1642635915,
        "narHash": "sha256-vabPA32j81xBO5m3+qXndWp5aqepe+vu96Wkd9UnngM=",
        "owner": "NixOS",
        "repo": "nixpkgs",
        "rev": "6d8215281b2f87a5af9ed7425a26ac575da0438f",
        "type": "github"
      },
      "original": {
        "id": "nixpkgs",
        "ref": "nixos-unstable",
        "type": "indirect"
      }
    },
    "nixpkgs_5": {
      "locked": {
        "lastModified": 1669249876,
        "narHash": "sha256-IWuH9FJgwmKyXpea+g1zpn6NImBMSjA1j5HioHQjReY=",
        "owner": "NixOS",
        "repo": "nixpkgs",
        "rev": "68ba2f40991e79a2e4e5c5b242e175a1ad270ab9",
        "type": "github"
      },
      "original": {
        "owner": "NixOS",
        "ref": "nixos-22.05",
        "repo": "nixpkgs",
        "type": "github"
      }
    },
    "nixpkgs_6": {
      "locked": {
        "lastModified": 1668994630,
        "narHash": "sha256-1lqx6HLyw6fMNX/hXrrETG1vMvZRGm2XVC9O/Jt0T6c=",
        "owner": "NixOS",
        "repo": "nixpkgs",
        "rev": "af50806f7c6ab40df3e6b239099e8f8385f6c78b",
        "type": "github"
      },
      "original": {
        "owner": "NixOS",
        "ref": "nixos-unstable",
        "repo": "nixpkgs",
        "type": "github"
      }
    },
    "photonic": {
      "flake": false,
      "locked": {
        "lastModified": 1635453840,
        "narHash": "sha256-UdgRH5TSyCBhshBi0UMiLLTMsxxZSLaIak2HgESExaQ=",
        "owner": "fooker",
        "repo": "photonic",
        "rev": "95b476cef8fab4f9d074c6a3aa6cec44b32518e2",
        "type": "github"
      },
      "original": {
        "owner": "fooker",
        "repo": "photonic",
        "type": "github"
      }
    },
    "pre-commit-hooks": {
      "inputs": {
        "flake-compat": "flake-compat_2",
        "flake-utils": "flake-utils_3",
        "gitignore": "gitignore",
        "nixpkgs": "nixpkgs_6",
        "nixpkgs-stable": "nixpkgs-stable"
      },
      "locked": {
        "lastModified": 1669152228,
        "narHash": "sha256-FEDReoTLWJHXcNso7aaAlAUU7uOqIR6Hc/C/nqlfooE=",
        "owner": "cachix",
        "repo": "pre-commit-hooks.nix",
        "rev": "078b0dee35e2da01334af682ec347463b70a9986",
        "type": "github"
      },
      "original": {
        "owner": "cachix",
        "repo": "pre-commit-hooks.nix",
        "type": "github"
      }
    },
    "qd": {
      "flake": false,
      "locked": {
        "lastModified": 1592998791,
        "narHash": "sha256-wbO64oP6Pabkb6S7uzlk3Dlp7Tzo3E0NYtDifsl+ujk=",
        "owner": "fooker",
        "repo": "qd",
        "rev": "b8f5b271aa07bdb98e6eaee2681ca7f58adafce0",
        "type": "github"
      },
      "original": {
        "owner": "fooker",
        "repo": "qd",
        "type": "github"
      }
    },
    "root": {
      "inputs": {
        "ate": "ate",
        "blog": "blog",
        "colmena": "colmena",
        "flake-utils": "flake-utils_2",
        "home-manager": "home-manager",
        "ipam": "ipam",
        "ipinfo": "ipinfo",
        "mmv": "mmv",
        "netns-proxy": "netns-proxy",
        "nixos-mailserver": "nixos-mailserver",
        "nixpkgs": "nixpkgs_5",
        "nixpkgs-notebook": "nixpkgs-notebook",
        "nixpkgs-router": "nixpkgs-router",
        "nixpkgs-unstable": "nixpkgs-unstable",
        "photonic": "photonic",
        "pre-commit-hooks": "pre-commit-hooks",
        "qd": "qd",
        "schoen-und-gut": "schoen-und-gut"
      }
    },
    "schoen-und-gut": {
      "flake": false,
      "locked": {
        "lastModified": 1617010473,
        "narHash": "sha256-ZdjvZJH9hjme8yx+CXITfqprEM2k87Qr0QEqIjMFfSQ=",
        "ref": "refs/heads/master",
        "rev": "786579a923314567e4f3063f86acd8dd78688954",
        "revCount": 2,
        "type": "git",
        "url": "https://git.home.open-desk.net/schoen-und-gut/website.git"
      },
      "original": {
        "type": "git",
        "url": "https://git.home.open-desk.net/schoen-und-gut/website.git"
      }
    },
    "stable": {
      "locked": {
        "lastModified": 1660496378,
        "narHash": "sha256-sgAhmrC1iSnl5T2VPPiMpciH1aRw5c7PYEdXX6jd6Gk=",
        "owner": "NixOS",
        "repo": "nixpkgs",
        "rev": "879121648fe522b38cc1cf75aef160a14a1f2e7b",
        "type": "github"
      },
      "original": {
        "owner": "NixOS",
        "ref": "nixos-22.05",
        "repo": "nixpkgs",
        "type": "github"
      }
    },
    "utils": {
      "locked": {
        "lastModified": 1605370193,
        "narHash": "sha256-YyMTf3URDL/otKdKgtoMChu4vfVL3vCMkRqpGifhUn0=",
        "owner": "numtide",
        "repo": "flake-utils",
        "rev": "5021eac20303a61fafe17224c087f5519baed54d",
        "type": "github"
      },
      "original": {
        "owner": "numtide",
        "repo": "flake-utils",
        "type": "github"
      }
    }
  },
  "root": "root",
  "version": 7
}
